
Microsoft Visual Studio Solution File, Format Version 12.00
# Visual Studio Version 17
VisualStudioVersion = 17.4.33205.214
MinimumVisualStudioVersion = 10.0.40219.1
Project("{9A19103F-16F7-4668-BE54-9A1E7A4F7556}") = "ContactBookConsole", "ContactBookConsole\ContactBookConsole.csproj", "{42B2B268-5F86-47DB-86E7-184AD6F6B258}"
EndProject
Project("{9A19103F-16F7-4668-BE54-9A1E7A4F7556}") = "ConsoleAppTest_xUnit", "ConsoleAppTest_xUnit\ConsoleAppTest_xUnit.csproj", "{BBBE9DB3-AD66-47DB-822A-53E94E310BE0}"
EndProject
Global
	GlobalSection(SolutionConfigurationPlatforms) = preSolution
		Debug|Any CPU = Debug|Any CPU
		Release|Any CPU = Release|Any CPU
	EndGlobalSection
	GlobalSection(ProjectConfigurationPlatforms) = postSolution
		{42B2B268-5F86-47DB-86E7-184AD6F6B258}.Debug|Any CPU.ActiveCfg = Debug|Any CPU
		{42B2B268-5F86-47DB-86E7-184AD6F6B258}.Debug|Any CPU.Build.0 = Debug|Any CPU
		{42B2B268-5F86-47DB-86E7-184AD6F6B258}.Release|Any CPU.ActiveCfg = Release|Any CPU
		{42B2B268-5F86-47DB-86E7-184AD6F6B258}.Release|Any CPU.Build.0 = Release|Any CPU
		{BBBE9DB3-AD66-47DB-822A-53E94E310BE0}.Debug|Any CPU.ActiveCfg = Debug|Any CPU
		{BBBE9DB3-AD66-47DB-822A-53E94E310BE0}.Debug|Any CPU.Build.0 = Debug|Any CPU
		{BBBE9DB3-AD66-47DB-822A-53E94E310BE0}.Release|Any CPU.ActiveCfg = Release|Any CPU
		{BBBE9DB3-AD66-47DB-822A-53E94E310BE0}.Release|Any CPU.Build.0 = Release|Any CPU
	EndGlobalSection
	GlobalSection(SolutionProperties) = preSolution
		HideSolutionNode = FALSE
	EndGlobalSection
	GlobalSection(ExtensibilityGlobals) = postSolution
		SolutionGuid = {073B251C-D891-48A4-976B-8AF4E53D9718}
	EndGlobalSection
EndGlobal
